// !$*UTF8*$!
{
	archiveVersion = 1;
	classes = {
	};
	objectVersion = 46;
	objects = {

/* Begin PBXBuildFile section */
		61993DC418DA9FAD0056211C /* Foundation.framework in Frameworks */ = {isa = PBXBuildFile; fileRef = 61993DC318DA9FAD0056211C /* Foundation.framework */; };
		61993DC618DA9FAD0056211C /* CoreGraphics.framework in Frameworks */ = {isa = PBXBuildFile; fileRef = 61993DC518DA9FAD0056211C /* CoreGraphics.framework */; };
		61993DC818DA9FAE0056211C /* UIKit.framework in Frameworks */ = {isa = PBXBuildFile; fileRef = 61993DC718DA9FAE0056211C /* UIKit.framework */; };
		61993DCE18DA9FAE0056211C /* InfoPlist.strings in Resources */ = {isa = PBXBuildFile; fileRef = 61993DCC18DA9FAE0056211C /* InfoPlist.strings */; };
		61993DD018DA9FAE0056211C /* main.m in Sources */ = {isa = PBXBuildFile; fileRef = 61993DCF18DA9FAE0056211C /* main.m */; };
		61993DD418DA9FAE0056211C /* AppDelegate.m in Sources */ = {isa = PBXBuildFile; fileRef = 61993DD318DA9FAE0056211C /* AppDelegate.m */; };
		61993DD718DA9FAE0056211C /* Main.storyboard in Resources */ = {isa = PBXBuildFile; fileRef = 61993DD518DA9FAE0056211C /* Main.storyboard */; };
		61993DDA18DA9FAF0056211C /* ViewController.m in Sources */ = {isa = PBXBuildFile; fileRef = 61993DD918DA9FAF0056211C /* ViewController.m */; };
		61993DDC18DA9FAF0056211C /* Images.xcassets in Resources */ = {isa = PBXBuildFile; fileRef = 61993DDB18DA9FAF0056211C /* Images.xcassets */; };
		61993DE318DA9FAF0056211C /* XCTest.framework in Frameworks */ = {isa = PBXBuildFile; fileRef = 61993DE218DA9FAF0056211C /* XCTest.framework */; };
		61993DE418DA9FAF0056211C /* Foundation.framework in Frameworks */ = {isa = PBXBuildFile; fileRef = 61993DC318DA9FAD0056211C /* Foundation.framework */; };
		61993DE518DA9FAF0056211C /* UIKit.framework in Frameworks */ = {isa = PBXBuildFile; fileRef = 61993DC718DA9FAE0056211C /* UIKit.framework */; };
		61993DED18DA9FAF0056211C /* InfoPlist.strings in Resources */ = {isa = PBXBuildFile; fileRef = 61993DEB18DA9FAF0056211C /* InfoPlist.strings */; };
		61993DEF18DA9FB00056211C /* SampleTest01Tests.m in Sources */ = {isa = PBXBuildFile; fileRef = 61993DEE18DA9FB00056211C /* SampleTest01Tests.m */; };
/* End PBXBuildFile section */

/* Begin PBXContainerItemProxy section */
		61993DE618DA9FAF0056211C /* PBXContainerItemProxy */ = {
			isa = PBXContainerItemProxy;
			containerPortal = 61993DB818DA9FAD0056211C /* Project object */;
			proxyType = 1;
			remoteGlobalIDString = 61993DBF18DA9FAD0056211C;
			remoteInfo = SampleTest01;
		};
/* End PBXContainerItemProxy section */

/* Begin PBXFileReference section */
		61993DC018DA9FAD0056211C /* SampleTest01.app */ = {isa = PBXFileReference; explicitFileType = wrapper.application; includeInIndex = 0; path = SampleTest01.app; sourceTree = BUILT_PRODUCTS_DIR; };
		61993DC318DA9FAD0056211C /* Foundation.framework */ = {isa = PBXFileReference; lastKnownFileType = wrapper.framework; name = Foundation.framework; path = System/Library/Frameworks/Foundation.framework; sourceTree = SDKROOT; };
		61993DC518DA9FAD0056211C /* CoreGraphics.framework */ = {isa = PBXFileReference; lastKnownFileType = wrapper.framework; name = CoreGraphics.framework; path = System/Library/Frameworks/CoreGraphics.framework; sourceTree = SDKROOT; };
		61993DC718DA9FAE0056211C /* UIKit.framework */ = {isa = PBXFileReference; lastKnownFileType = wrapper.framework; name = UIKit.framework; path = System/Library/Frameworks/UIKit.framework; sourceTree = SDKROOT; };
		61993DCB18DA9FAE0056211C /* SampleTest01-Info.plist */ = {isa = PBXFileReference; lastKnownFileType = text.plist.xml; path = "SampleTest01-Info.plist"; sourceTree = "<group>"; };
		61993DCD18DA9FAE0056211C /* en */ = {isa = PBXFileReference; lastKnownFileType = text.plist.strings; name = en; path = en.lproj/InfoPlist.strings; sourceTree = "<group>"; };
		61993DCF18DA9FAE0056211C /* main.m */ = {isa = PBXFileReference; lastKnownFileType = sourcecode.c.objc; path = main.m; sourceTree = "<group>"; };
		61993DD118DA9FAE0056211C /* SampleTest01-Prefix.pch */ = {isa = PBXFileReference; lastKnownFileType = sourcecode.c.h; path = "SampleTest01-Prefix.pch"; sourceTree = "<group>"; };
		61993DD218DA9FAE0056211C /* AppDelegate.h */ = {isa = PBXFileReference; lastKnownFileType = sourcecode.c.h; path = AppDelegate.h; sourceTree = "<group>"; };
		61993DD318DA9FAE0056211C /* AppDelegate.m */ = {isa = PBXFileReference; lastKnownFileType = sourcecode.c.objc; path = AppDelegate.m; sourceTree = "<group>"; };
		61993DD618DA9FAE0056211C /* Base */ = {isa = PBXFileReference; lastKnownFileType = file.storyboard; name = Base; path = Base.lproj/Main.storyboard; sourceTree = "<group>"; };
		61993DD818DA9FAF0056211C /* ViewController.h */ = {isa = PBXFileReference; lastKnownFileType = sourcecode.c.h; path = ViewController.h; sourceTree = "<group>"; };
		61993DD918DA9FAF0056211C /* ViewController.m */ = {isa = PBXFileReference; lastKnownFileType = sourcecode.c.objc; path = ViewController.m; sourceTree = "<group>"; };
		61993DDB18DA9FAF0056211C /* Images.xcassets */ = {isa = PBXFileReference; lastKnownFileType = folder.assetcatalog; path = Images.xcassets; sourceTree = "<group>"; };
		61993DE118DA9FAF0056211C /* SampleTest01Tests.xctest */ = {isa = PBXFileReference; explicitFileType = wrapper.cfbundle; includeInIndex = 0; path = SampleTest01Tests.xctest; sourceTree = BUILT_PRODUCTS_DIR; };
		61993DE218DA9FAF0056211C /* XCTest.framework */ = {isa = PBXFileReference; lastKnownFileType = wrapper.framework; name = XCTest.framework; path = Library/Frameworks/XCTest.framework; sourceTree = DEVELOPER_DIR; };
		61993DEA18DA9FAF0056211C /* SampleTest01Tests-Info.plist */ = {isa = PBXFileReference; lastKnownFileType = text.plist.xml; path = "SampleTest01Tests-Info.plist"; sourceTree = "<group>"; };
		61993DEC18DA9FAF0056211C /* en */ = {isa = PBXFileReference; lastKnownFileType = text.plist.strings; name = en; path = en.lproj/InfoPlist.strings; sourceTree = "<group>"; };
		61993DEE18DA9FB00056211C /* SampleTest01Tests.m */ = {isa = PBXFileReference; lastKnownFileType = sourcecode.c.objc; path = SampleTest01Tests.m; sourceTree = "<group>"; };
/* End PBXFileReference section */

/* Begin PBXFrameworksBuildPhase section */
		61993DBD18DA9FAD0056211C /* Frameworks */ = {
			isa = PBXFrameworksBuildPhase;
			buildActionMask = 2147483647;
			files = (
				61993DC618DA9FAD0056211C /* CoreGraphics.framework in Frameworks */,
				61993DC818DA9FAE0056211C /* UIKit.framework in Frameworks */,
				61993DC418DA9FAD0056211C /* Foundation.framework in Frameworks */,
			);
			runOnlyForDeploymentPostprocessing = 0;
		};
		61993DDE18DA9FAF0056211C /* Frameworks */ = {
			isa = PBXFrameworksBuildPhase;
			buildActionMask = 2147483647;
			files = (
				61993DE318DA9FAF0056211C /* XCTest.framework in Frameworks */,
				61993DE518DA9FAF0056211C /* UIKit.framework in Frameworks */,
				61993DE418DA9FAF0056211C /* Foundation.framework in Frameworks */,
			);
			runOnlyForDeploymentPostprocessing = 0;
		};
/* End PBXFrameworksBuildPhase section */

/* Begin PBXGroup section */
		61993DB718DA9FAD0056211C = {
			isa = PBXGroup;
			children = (
				61993DC918DA9FAE0056211C /* SampleTest01 */,
				61993DE818DA9FAF0056211C /* SampleTest01Tests */,
				61993DC218DA9FAD0056211C /* Frameworks */,
				61993DC118DA9FAD0056211C /* Products */,
			);
			sourceTree = "<group>";
		};
		61993DC118DA9FAD0056211C /* Products */ = {
			isa = PBXGroup;
			children = (
				61993DC018DA9FAD0056211C /* SampleTest01.app */,
				61993DE118DA9FAF0056211C /* SampleTest01Tests.xctest */,
			);
			name = Products;
			sourceTree = "<group>";
		};
		61993DC218DA9FAD0056211C /* Frameworks */ = {
			isa = PBXGroup;
			children = (
				61993DC318DA9FAD0056211C /* Foundation.framework */,
				61993DC518DA9FAD0056211C /* CoreGraphics.framework */,
				61993DC718DA9FAE0056211C /* UIKit.framework */,
				61993DE218DA9FAF0056211C /* XCTest.framework */,
			);
			name = Frameworks;
			sourceTree = "<group>";
		};
		61993DC918DA9FAE0056211C /* SampleTest01 */ = {
			isa = PBXGroup;
			children = (
				61993DD218DA9FAE0056211C /* AppDelegate.h */,
				61993DD318DA9FAE0056211C /* AppDelegate.m */,
				61993DD518DA9FAE0056211C /* Main.storyboard */,
				61993DD818DA9FAF0056211C /* ViewController.h */,
				61993DD918DA9FAF0056211C /* ViewController.m */,
				61993DDB18DA9FAF0056211C /* Images.xcassets */,
				61993DCA18DA9FAE0056211C /* Supporting Files */,
			);
			path = SampleTest01;
			sourceTree = "<group>";
		};
		61993DCA18DA9FAE0056211C /* Supporting Files */ = {
			isa = PBXGroup;
			children = (
				61993DCB18DA9FAE0056211C /* SampleTest01-Info.plist */,
				61993DCC18DA9FAE0056211C /* InfoPlist.strings */,
				61993DCF18DA9FAE0056211C /* main.m */,
				61993DD118DA9FAE0056211C /* SampleTest01-Prefix.pch */,
			);
			name = "Supporting Files";
			sourceTree = "<group>";
		};
		61993DE818DA9FAF0056211C /* SampleTest01Tests */ = {
			isa = PBXGroup;
			children = (
				61993DEE18DA9FB00056211C /* SampleTest01Tests.m */,
				61993DE918DA9FAF0056211C /* Supporting Files */,
			);
			path = SampleTest01Tests;
			sourceTree = "<group>";
		};
		61993DE918DA9FAF0056211C /* Supporting Files */ = {
			isa = PBXGroup;
			children = (
				61993DEA18DA9FAF0056211C /* SampleTest01Tests-Info.plist */,
				61993DEB18DA9FAF0056211C /* InfoPlist.strings */,
			);
			name = "Supporting Files";
			sourceTree = "<group>";
		};
/* End PBXGroup section */

/* Begin PBXNativeTarget section */
		61993DBF18DA9FAD0056211C /* SampleTest01 */ = {
			isa = PBXNativeTarget;
			buildConfigurationList = 61993DF218DA9FB00056211C /* Build configuration list for PBXNativeTarget "SampleTest01" */;
			buildPhases = (
				61993DBC18DA9FAD0056211C /* Sources */,
				61993DBD18DA9FAD0056211C /* Frameworks */,
				61993DBE18DA9FAD0056211C /* Resources */,
			);
			buildRules = (
			);
			dependencies = (
			);
			name = SampleTest01;
			productName = SampleTest01;
			productReference = 61993DC018DA9FAD0056211C /* SampleTest01.app */;
			productType = "com.apple.product-type.application";
		};
		61993DE018DA9FAF0056211C /* SampleTest01Tests */ = {
			isa = PBXNativeTarget;
			buildConfigurationList = 61993DF518DA9FB00056211C /* Build configuration list for PBXNativeTarget "SampleTest01Tests" */;
			buildPhases = (
				61993DDD18DA9FAF0056211C /* Sources */,
				61993DDE18DA9FAF0056211C /* Frameworks */,
				61993DDF18DA9FAF0056211C /* Resources */,
			);
			buildRules = (
			);
			dependencies = (
				61993DE718DA9FAF0056211C /* PBXTargetDependency */,
			);
			name = SampleTest01Tests;
			productName = SampleTest01Tests;
			productReference = 61993DE118DA9FAF0056211C /* SampleTest01Tests.xctest */;
			productType = "com.apple.product-type.bundle.unit-test";
		};
/* End PBXNativeTarget section */

/* Begin PBXProject section */
		61993DB818DA9FAD0056211C /* Project object */ = {
			isa = PBXProject;
			attributes = {
				LastUpgradeCheck = 0500;
				ORGANIZATIONNAME = CSV;
				TargetAttributes = {
					61993DE018DA9FAF0056211C = {
						TestTargetID = 61993DBF18DA9FAD0056211C;
					};
				};
			};
			buildConfigurationList = 61993DBB18DA9FAD0056211C /* Build configuration list for PBXProject "SampleTest01" */;
			compatibilityVersion = "Xcode 3.2";
			developmentRegion = English;
			hasScannedForEncodings = 0;
			knownRegions = (
				en,
				Base,
			);
			mainGroup = 61993DB718DA9FAD0056211C;
			productRefGroup = 61993DC118DA9FAD0056211C /* Products */;
			projectDirPath = "";
			projectRoot = "";
			targets = (
				61993DBF18DA9FAD0056211C /* SampleTest01 */,
				61993DE018DA9FAF0056211C /* SampleTest01Tests */,
			);
		};
/* End PBXProject section */

/* Begin PBXResourcesBuildPhase section */
		61993DBE18DA9FAD0056211C /* Resources */ = {
			isa = PBXResourcesBuildPhase;
			buildActionMask = 2147483647;
			files = (
				61993DDC18DA9FAF0056211C /* Images.xcassets in Resources */,
				61993DCE18DA9FAE0056211C /* InfoPlist.strings in Resources */,
				61993DD718DA9FAE0056211C /* Main.storyboard in Resources */,
			);
			runOnlyForDeploymentPostprocessing = 0;
		};
		61993DDF18DA9FAF0056211C /* Resources */ = {
			isa = PBXResourcesBuildPhase;
			buildActionMask = 2147483647;
			files = (
				61993DED18DA9FAF0056211C /* InfoPlist.strings in Resources */,
			);
			runOnlyForDeploymentPostprocessing = 0;
		};
/* End PBXResourcesBuildPhase section */

/* Begin PBXSourcesBuildPhase section */
		61993DBC18DA9FAD0056211C /* Sources */ = {
			isa = PBXSourcesBuildPhase;
			buildActionMask = 2147483647;
			files = (
				61993DDA18DA9FAF0056211C /* ViewController.m in Sources */,
				61993DD418DA9FAE0056211C /* AppDelegate.m in Sources */,
				61993DD018DA9FAE0056211C /* main.m in Sources */,
			);
			runOnlyForDeploymentPostprocessing = 0;
		};
		61993DDD18DA9FAF0056211C /* Sources */ = {
			isa = PBXSourcesBuildPhase;
			buildActionMask = 2147483647;
			files = (
				61993DEF18DA9FB00056211C /* SampleTest01Tests.m in Sources */,
			);
			runOnlyForDeploymentPostprocessing = 0;
		};
/* End PBXSourcesBuildPhase section */

/* Begin PBXTargetDependency section */
		61993DE718DA9FAF0056211C /* PBXTargetDependency */ = {
			isa = PBXTargetDependency;
			target = 61993DBF18DA9FAD0056211C /* SampleTest01 */;
			targetProxy = 61993DE618DA9FAF0056211C /* PBXContainerItemProxy */;
		};
/* End PBXTargetDependency section */

/* Begin PBXVariantGroup section */
		61993DCC18DA9FAE0056211C /* InfoPlist.strings */ = {
			isa = PBXVariantGroup;
			children = (
				61993DCD18DA9FAE0056211C /* en */,
			);
			name = InfoPlist.strings;
			sourceTree = "<group>";
		};
		61993DD518DA9FAE0056211C /* Main.storyboard */ = {
			isa = PBXVariantGroup;
			children = (
				61993DD618DA9FAE0056211C /* Base */,
			);
			name = Main.storyboard;
			sourceTree = "<group>";
		};
		61993DEB18DA9FAF0056211C /* InfoPlist.strings */ = {
			isa = PBXVariantGroup;
			children = (
				61993DEC18DA9FAF0056211C /* en */,
			);
			name = InfoPlist.strings;
			sourceTree = "<group>";
		};
/* End PBXVariantGroup section */

/* Begin XCBuildConfiguration section */
		61993DF018DA9FB00056211C /* Debug */ = {
			isa = XCBuildConfiguration;
			buildSettings = {
				ALWAYS_SEARCH_USER_PATHS = NO;
				CLANG_CXX_LANGUAGE_STANDARD = "gnu++0x";
				CLANG_CXX_LIBRARY = "libc++";
				CLANG_ENABLE_MODULES = YES;
				CLANG_ENABLE_OBJC_ARC = YES;
				CLANG_WARN_BOOL_CONVERSION = YES;
				CLANG_WARN_CONSTANT_CONVERSION = YES;
				CLANG_WARN_DIRECT_OBJC_ISA_USAGE = YES_ERROR;
				CLANG_WARN_EMPTY_BODY = YES;
				CLANG_WARN_ENUM_CONVERSION = YES;
				CLANG_WARN_INT_CONVERSION = YES;
				CLANG_WARN_OBJC_ROOT_CLASS = YES_ERROR;
				CLANG_WARN__DUPLICATE_METHOD_MATCH = YES;
				"CODE_SIGN_IDENTITY[sdk=iphoneos*]" = "iPhone Developer";
				COPY_PHASE_STRIP = NO;
				GCC_C_LANGUAGE_STANDARD = gnu99;
				GCC_DYNAMIC_NO_PIC = NO;
				GCC_OPTIMIZATION_LEVEL = 0;
				GCC_PREPROCESSOR_DEFINITIONS = (
					"DEBUG=1",
					"$(inherited)",
				);
				GCC_SYMBOLS_PRIVATE_EXTERN = NO;
				GCC_WARN_ABOUT_RETURN_TYPE = YES_ERROR;
				GCC_WARN_UNDECLARED_SELECTOR = YES;
				GCC_WARN_UNINITIALIZED_AUTOS = YES;
				GCC_WARN_UNUSED_FUNCTION = YES;
				GCC_WARN_UNUSED_VARIABLE = YES;
				IPHONEOS_DEPLOYMENT_TARGET = 7.0;
				ONLY_ACTIVE_ARCH = YES;
				SDKROOT = iphoneos;
			};
			name = Debug;
		};
		61993DF118DA9FB00056211C /* Release */ = {
			isa = XCBuildConfiguration;
			buildSettings = {
				ALWAYS_SEARCH_USER_PATHS = NO;
				CLANG_CXX_LANGUAGE_STANDARD = "gnu++0x";
				CLANG_CXX_LIBRARY = "libc++";
				CLANG_ENABLE_MODULES = YES;
				CLANG_ENABLE_OBJC_ARC = YES;
				CLANG_WARN_BOOL_CONVERSION = YES;
				CLANG_WARN_CONSTANT_CONVERSION = YES;
				CLANG_WARN_DIRECT_OBJC_ISA_USAGE = YES_ERROR;
				CLANG_WARN_EMPTY_BODY = YES;
				CLANG_WARN_ENUM_CONVERSION = YES;
				CLANG_WARN_INT_CONVERSION = YES;
				CLANG_WARN_OBJC_ROOT_CLASS = YES_ERROR;
				CLANG_WARN__DUPLICATE_METHOD_MATCH = YES;
				"CODE_SIGN_IDENTITY[sdk=iphoneos*]" = "iPhone Developer";
				COPY_PHASE_STRIP = YES;
				ENABLE_NS_ASSERTIONS = NO;
				GCC_C_LANGUAGE_STANDARD = gnu99;
				GCC_WARN_ABOUT_RETURN_TYPE = YES_ERROR;
				GCC_WARN_UNDECLARED_SELECTOR = YES;
				GCC_WARN_UNINITIALIZED_AUTOS = YES;
				GCC_WARN_UNUSED_FUNCTION = YES;
				GCC_WARN_UNUSED_VARIABLE = YES;
				IPHONEOS_DEPLOYMENT_TARGET = 7.0;
				SDKROOT = iphoneos;
				VALIDATE_PRODUCT = YES;
			};
			name = Release;
		};
		61993DF318DA9FB00056211C /* Debug */ = {
			isa = XCBuildConfiguration;
			buildSettings = {
				ASSETCATALOG_COMPILER_APPICON_NAME = AppIcon;
				ASSETCATALOG_COMPILER_LAUNCHIMAGE_NAME = LaunchImage;
				GCC_PRECOMPILE_PREFIX_HEADER = YES;
				GCC_PREFIX_HEADER = "SampleTest01/SampleTest01-Prefix.pch";
				INFOPLIST_FILE = "SampleTest01/SampleTest01-Info.plist";
				PRODUCT_NAME = "$(TARGET_NAME)";
				WRAPPER_EXTENSION = app;
			};
			name = Debug;
		};
		61993DF418DA9FB00056211C /* Release */ = {
			isa = XCBuildConfiguration;
			buildSettings = {
				ASSETCATALOG_COMPILER_APPICON_NAME = AppIcon;
				ASSETCATALOG_COMPILER_LAUNCHIMAGE_NAME = LaunchImage;
				GCC_PRECOMPILE_PREFIX_HEADER = YES;
				GCC_PREFIX_HEADER = "SampleTest01/SampleTest01-Prefix.pch";
				INFOPLIST_FILE = "SampleTest01/SampleTest01-Info.plist";
				PRODUCT_NAME = "$(TARGET_NAME)";
				WRAPPER_EXTENSION = app;
			};
			name = Release;
		};
		61993DF618DA9FB00056211C /* Debug */ = {
			isa = XCBuildConfiguration;
			buildSettings = {
				BUNDLE_LOADER = "$(BUILT_PRODUCTS_DIR)/SampleTest01.app/SampleTest01";
				FRAMEWORK_SEARCH_PATHS = (
					"$(SDKROOT)/Developer/Library/Frameworks",
					"$(inherited)",
					"$(DEVELOPER_FRAMEWORKS_DIR)",
				);
				GCC_PRECOMPILE_PREFIX_HEADER = YES;
				GCC_PREFIX_HEADER = "SampleTest01/SampleTest01-Prefix.pch";
				GCC_PREPROCESSOR_DEFINITIONS = (
					"DEBUG=1",
					"$(inherited)",
				);
				INFOPLIST_FILE = "SampleTest01Tests/SampleTest01Tests-Info.plist";
				PRODUCT_NAME = "$(TARGET_NAME)";
				TEST_HOST = "$(BUNDLE_LOADER)";
				WRAPPER_EXTENSION = xctest;
			};
			name = Debug;
		};
		61993DF718DA9FB00056211C /* Release */ = {
			isa = XCBuildConfiguration;
			buildSettings = {
				BUNDLE_LOADER = "$(BUILT_PRODUCTS_DIR)/SampleTest01.app/SampleTest01";
				FRAMEWORK_SEARCH_PATHS = (
					"$(SDKROOT)/Developer/Library/Frameworks",
					"$(inherited)",
					"$(DEVELOPER_FRAMEWORKS_DIR)",
				);
				GCC_PRECOMPILE_PREFIX_HEADER = YES;
				GCC_PREFIX_HEADER = "SampleTest01/SampleTest01-Prefix.pch";
				INFOPLIST_FILE = "SampleTest01Tests/SampleTest01Tests-Info.plist";
				PRODUCT_NAME = "$(TARGET_NAME)";
				TEST_HOST = "$(BUNDLE_LOADER)";
				WRAPPER_EXTENSION = xctest;
			};
			name = Release;
		};
/* End XCBuildConfiguration section */

/* Begin XCConfigurationList section */
		61993DBB18DA9FAD0056211C /* Build configuration list for PBXProject "SampleTest01" */ = {
			isa = XCConfigurationList;
			buildConfigurations = (
				61993DF018DA9FB00056211C /* Debug */,
				61993DF118DA9FB00056211C /* Release */,
			);
			defaultConfigurationIsVisible = 0;
			defaultConfigurationName = Release;
		};
		61993DF218DA9FB00056211C /* Build configuration list for PBXNativeTarget "SampleTest01" */ = {
			isa = XCConfigurationList;
			buildConfigurations = (
				61993DF318DA9FB00056211C /* Debug */,
				61993DF418DA9FB00056211C /* Release */,
			);
			defaultConfigurationIsVisible = 0;
		};
		61993DF518DA9FB00056211C /* Build configuration list for PBXNativeTarget "SampleTest01Tests" */ = {
			isa = XCConfigurationList;
			buildConfigurations = (
				61993DF618DA9FB00056211C /* Debug */,
				61993DF718DA9FB00056211C /* Release */,
			);
			defaultConfigurationIsVisible = 0;
		};
/* End XCConfigurationList section */
	};
	rootObject = 61993DB818DA9FAD0056211C /* Project object */;
}
